// !$*UTF8*$!
{
	archiveVersion = 1;
	classes = {
	};
	objectVersion = 50;
	objects = {

/* Begin PBXBuildFile section */
		744D2895246866970097C743 /* AppDelegate.swift in Sources */ = {isa = PBXBuildFile; fileRef = 744D2894246866970097C743 /* AppDelegate.swift */; };
		744D2897246866970097C743 /* SceneDelegate.swift in Sources */ = {isa = PBXBuildFile; fileRef = 744D2896246866970097C743 /* SceneDelegate.swift */; };
		744D289A246866970097C743 /* swiftUI.xcdatamodeld in Sources */ = {isa = PBXBuildFile; fileRef = 744D2898246866970097C743 /* swiftUI.xcdatamodeld */; };
		744D289C246866970097C743 /* ContentView.swift in Sources */ = {isa = PBXBuildFile; fileRef = 744D289B246866970097C743 /* ContentView.swift */; };
		744D289E2468669A0097C743 /* Assets.xcassets in Resources */ = {isa = PBXBuildFile; fileRef = 744D289D2468669A0097C743 /* Assets.xcassets */; };
		744D28A12468669A0097C743 /* Preview Assets.xcassets in Resources */ = {isa = PBXBuildFile; fileRef = 744D28A02468669A0097C743 /* Preview Assets.xcassets */; };
		744D28A42468669A0097C743 /* LaunchScreen.storyboard in Resources */ = {isa = PBXBuildFile; fileRef = 744D28A22468669A0097C743 /* LaunchScreen.storyboard */; };
		744D28AF2468669A0097C743 /* swiftUITests.swift in Sources */ = {isa = PBXBuildFile; fileRef = 744D28AE2468669A0097C743 /* swiftUITests.swift */; };
		744D28BA2468669A0097C743 /* swiftUIUITests.swift in Sources */ = {isa = PBXBuildFile; fileRef = 744D28B92468669A0097C743 /* swiftUIUITests.swift */; };
/* End PBXBuildFile section */

/* Begin PBXContainerItemProxy section */
		744D28AB2468669A0097C743 /* PBXContainerItemProxy */ = {
			isa = PBXContainerItemProxy;
			containerPortal = 744D2889246866970097C743 /* Project object */;
			proxyType = 1;
			remoteGlobalIDString = 744D2890246866970097C743;
			remoteInfo = swiftUI;
		};
		744D28B62468669A0097C743 /* PBXContainerItemProxy */ = {
			isa = PBXContainerItemProxy;
			containerPortal = 744D2889246866970097C743 /* Project object */;
			proxyType = 1;
			remoteGlobalIDString = 744D2890246866970097C743;
			remoteInfo = swiftUI;
		};
/* End PBXContainerItemProxy section */

/* Begin PBXFileReference section */
		744D2891246866970097C743 /* swiftUI.app */ = {isa = PBXFileReference; explicitFileType = wrapper.application; includeInIndex = 0; path = swiftUI.app; sourceTree = BUILT_PRODUCTS_DIR; };
		744D2894246866970097C743 /* AppDelegate.swift */ = {isa = PBXFileReference; lastKnownFileType = sourcecode.swift; path = AppDelegate.swift; sourceTree = "<group>"; };
		744D2896246866970097C743 /* SceneDelegate.swift */ = {isa = PBXFileReference; lastKnownFileType = sourcecode.swift; path = SceneDelegate.swift; sourceTree = "<group>"; };
		744D2899246866970097C743 /* swiftUI.xcdatamodel */ = {isa = PBXFileReference; lastKnownFileType = wrapper.xcdatamodel; path = swiftUI.xcdatamodel; sourceTree = "<group>"; };
		744D289B246866970097C743 /* ContentView.swift */ = {isa = PBXFileReference; lastKnownFileType = sourcecode.swift; path = ContentView.swift; sourceTree = "<group>"; };
		744D289D2468669A0097C743 /* Assets.xcassets */ = {isa = PBXFileReference; lastKnownFileType = folder.assetcatalog; path = Assets.xcassets; sourceTree = "<group>"; };
		744D28A02468669A0097C743 /* Preview Assets.xcassets */ = {isa = PBXFileReference; lastKnownFileType = folder.assetcatalog; path = "Preview Assets.xcassets"; sourceTree = "<group>"; };
		744D28A32468669A0097C743 /* Base */ = {isa = PBXFileReference; lastKnownFileType = file.storyboard; name = Base; path = Base.lproj/LaunchScreen.storyboard; sourceTree = "<group>"; };
		744D28A52468669A0097C743 /* Info.plist */ = {isa = PBXFileReference; lastKnownFileType = text.plist.xml; path = Info.plist; sourceTree = "<group>"; };
		744D28AA2468669A0097C743 /* swiftUITests.xctest */ = {isa = PBXFileReference; explicitFileType = wrapper.cfbundle; includeInIndex = 0; path = swiftUITests.xctest; sourceTree = BUILT_PRODUCTS_DIR; };
		744D28AE2468669A0097C743 /* swiftUITests.swift */ = {isa = PBXFileReference; lastKnownFileType = sourcecode.swift; path = swiftUITests.swift; sourceTree = "<group>"; };
		744D28B02468669A0097C743 /* Info.plist */ = {isa = PBXFileReference; lastKnownFileType = text.plist.xml; path = Info.plist; sourceTree = "<group>"; };
		744D28B52468669A0097C743 /* swiftUIUITests.xctest */ = {isa = PBXFileReference; explicitFileType = wrapper.cfbundle; includeInIndex = 0; path = swiftUIUITests.xctest; sourceTree = BUILT_PRODUCTS_DIR; };
		744D28B92468669A0097C743 /* swiftUIUITests.swift */ = {isa = PBXFileReference; lastKnownFileType = sourcecode.swift; path = swiftUIUITests.swift; sourceTree = "<group>"; };
		744D28BB2468669A0097C743 /* Info.plist */ = {isa = PBXFileReference; lastKnownFileType = text.plist.xml; path = Info.plist; sourceTree = "<group>"; };
/* End PBXFileReference section */

/* Begin PBXFrameworksBuildPhase section */
		744D288E246866970097C743 /* Frameworks */ = {
			isa = PBXFrameworksBuildPhase;
			buildActionMask = 2147483647;
			files = (
			);
			runOnlyForDeploymentPostprocessing = 0;
		};
		744D28A72468669A0097C743 /* Frameworks */ = {
			isa = PBXFrameworksBuildPhase;
			buildActionMask = 2147483647;
			files = (
			);
			runOnlyForDeploymentPostprocessing = 0;
		};
		744D28B22468669A0097C743 /* Frameworks */ = {
			isa = PBXFrameworksBuildPhase;
			buildActionMask = 2147483647;
			files = (
			);
			runOnlyForDeploymentPostprocessing = 0;
		};
/* End PBXFrameworksBuildPhase section */

/* Begin PBXGroup section */
		744D2888246866970097C743 = {
			isa = PBXGroup;
			children = (
				744D2893246866970097C743 /* swiftUI */,
				744D28AD2468669A0097C743 /* swiftUITests */,
				744D28B82468669A0097C743 /* swiftUIUITests */,
				744D2892246866970097C743 /* Products */,
			);
			sourceTree = "<group>";
		};
		744D2892246866970097C743 /* Products */ = {
			isa = PBXGroup;
			children = (
				744D2891246866970097C743 /* swiftUI.app */,
				744D28AA2468669A0097C743 /* swiftUITests.xctest */,
				744D28B52468669A0097C743 /* swiftUIUITests.xctest */,
			);
			name = Products;
			sourceTree = "<group>";
		};
		744D2893246866970097C743 /* swiftUI */ = {
			isa = PBXGroup;
			children = (
				744D2894246866970097C743 /* AppDelegate.swift */,
				744D2896246866970097C743 /* SceneDelegate.swift */,
				744D289B246866970097C743 /* ContentView.swift */,
				744D289D2468669A0097C743 /* Assets.xcassets */,
				744D28A22468669A0097C743 /* LaunchScreen.storyboard */,
				744D28A52468669A0097C743 /* Info.plist */,
				744D2898246866970097C743 /* swiftUI.xcdatamodeld */,
				744D289F2468669A0097C743 /* Preview Content */,
			);
			path = swiftUI;
			sourceTree = "<group>";
		};
		744D289F2468669A0097C743 /* Preview Content */ = {
			isa = PBXGroup;
			children = (
				744D28A02468669A0097C743 /* Preview Assets.xcassets */,
			);
			path = "Preview Content";
			sourceTree = "<group>";
		};
		744D28AD2468669A0097C743 /* swiftUITests */ = {
			isa = PBXGroup;
			children = (
				744D28AE2468669A0097C743 /* swiftUITests.swift */,
				744D28B02468669A0097C743 /* Info.plist */,
			);
			path = swiftUITests;
			sourceTree = "<group>";
		};
		744D28B82468669A0097C743 /* swiftUIUITests */ = {
			isa = PBXGroup;
			children = (
				744D28B92468669A0097C743 /* swiftUIUITests.swift */,
				744D28BB2468669A0097C743 /* Info.plist */,
			);
			path = swiftUIUITests;
			sourceTree = "<group>";
		};
/* End PBXGroup section */

/* Begin PBXNativeTarget section */
		744D2890246866970097C743 /* swiftUI */ = {
			isa = PBXNativeTarget;
			buildConfigurationList = 744D28BE2468669A0097C743 /* Build configuration list for PBXNativeTarget "swiftUI" */;
			buildPhases = (
				744D288D246866970097C743 /* Sources */,
				744D288E246866970097C743 /* Frameworks */,
				744D288F246866970097C743 /* Resources */,
			);
			buildRules = (
			);
			dependencies = (
			);
			name = swiftUI;
			productName = swiftUI;
			productReference = 744D2891246866970097C743 /* swiftUI.app */;
			productType = "com.apple.product-type.application";
		};
		744D28A92468669A0097C743 /* swiftUITests */ = {
			isa = PBXNativeTarget;
			buildConfigurationList = 744D28C12468669A0097C743 /* Build configuration list for PBXNativeTarget "swiftUITests" */;
			buildPhases = (
				744D28A62468669A0097C743 /* Sources */,
				744D28A72468669A0097C743 /* Frameworks */,
				744D28A82468669A0097C743 /* Resources */,
			);
			buildRules = (
			);
			dependencies = (
				744D28AC2468669A0097C743 /* PBXTargetDependency */,
			);
			name = swiftUITests;
			productName = swiftUITests;
			productReference = 744D28AA2468669A0097C743 /* swiftUITests.xctest */;
			productType = "com.apple.product-type.bundle.unit-test";
		};
		744D28B42468669A0097C743 /* swiftUIUITests */ = {
			isa = PBXNativeTarget;
			buildConfigurationList = 744D28C42468669A0097C743 /* Build configuration list for PBXNativeTarget "swiftUIUITests" */;
			buildPhases = (
				744D28B12468669A0097C743 /* Sources */,
				744D28B22468669A0097C743 /* Frameworks */,
				744D28B32468669A0097C743 /* Resources */,
			);
			buildRules = (
			);
			dependencies = (
				744D28B72468669A0097C743 /* PBXTargetDependency */,
			);
			name = swiftUIUITests;
			productName = swiftUIUITests;
			productReference = 744D28B52468669A0097C743 /* swiftUIUITests.xctest */;
			productType = "com.apple.product-type.bundle.ui-testing";
		};
/* End PBXNativeTarget section */

/* Begin PBXProject section */
		744D2889246866970097C743 /* Project object */ = {
			isa = PBXProject;
			attributes = {
				LastSwiftUpdateCheck = 1140;
				LastUpgradeCheck = 1140;
				ORGANIZATIONNAME = tengshijun;
				TargetAttributes = {
					744D2890246866970097C743 = {
						CreatedOnToolsVersion = 11.4.1;
					};
					744D28A92468669A0097C743 = {
						CreatedOnToolsVersion = 11.4.1;
						TestTargetID = 744D2890246866970097C743;
					};
					744D28B42468669A0097C743 = {
						CreatedOnToolsVersion = 11.4.1;
						TestTargetID = 744D2890246866970097C743;
					};
				};
			};
			buildConfigurationList = 744D288C246866970097C743 /* Build configuration list for PBXProject "swiftUI" */;
			compatibilityVersion = "Xcode 9.3";
			developmentRegion = en;
			hasScannedForEncodings = 0;
			knownRegions = (
				en,
				Base,
			);
			mainGroup = 744D2888246866970097C743;
			productRefGroup = 744D2892246866970097C743 /* Products */;
			projectDirPath = "";
			projectRoot = "";
			targets = (
				744D2890246866970097C743 /* swiftUI */,
				744D28A92468669A0097C743 /* swiftUITests */,
				744D28B42468669A0097C743 /* swiftUIUITests */,
			);
		};
/* End PBXProject section */

/* Begin PBXResourcesBuildPhase section */
		744D288F246866970097C743 /* Resources */ = {
			isa = PBXResourcesBuildPhase;
			buildActionMask = 2147483647;
			files = (
				744D28A42468669A0097C743 /* LaunchScreen.storyboard in Resources */,
				744D28A12468669A0097C743 /* Preview Assets.xcassets in Resources */,
				744D289E2468669A0097C743 /* Assets.xcassets in Resources */,
			);
			runOnlyForDeploymentPostprocessing = 0;
		};
		744D28A82468669A0097C743 /* Resources */ = {
			isa = PBXResourcesBuildPhase;
			buildActionMask = 2147483647;
			files = (
			);
			runOnlyForDeploymentPostprocessing = 0;
		};
		744D28B32468669A0097C743 /* Resources */ = {
			isa = PBXResourcesBuildPhase;
			buildActionMask = 2147483647;
			files = (
			);
			runOnlyForDeploymentPostprocessing = 0;
		};
/* End PBXResourcesBuildPhase section */

/* Begin PBXSourcesBuildPhase section */
		744D288D246866970097C743 /* Sources */ = {
			isa = PBXSourcesBuildPhase;
			buildActionMask = 2147483647;
			files = (
				744D2895246866970097C743 /* AppDelegate.swift in Sources */,
				744D289A246866970097C743 /* swiftUI.xcdatamodeld in Sources */,
				744D289C246866970097C743 /* ContentView.swift in Sources */,
				744D2897246866970097C743 /* SceneDelegate.swift in Sources */,
			);
			runOnlyForDeploymentPostprocessing = 0;
		};
		744D28A62468669A0097C743 /* Sources */ = {
			isa = PBXSourcesBuildPhase;
			buildActionMask = 2147483647;
			files = (
				744D28AF2468669A0097C743 /* swiftUITests.swift in Sources */,
			);
			runOnlyForDeploymentPostprocessing = 0;
		};
		744D28B12468669A0097C743 /* Sources */ = {
			isa = PBXSourcesBuildPhase;
			buildActionMask = 2147483647;
			files = (
				744D28BA2468669A0097C743 /* swiftUIUITests.swift in Sources */,
			);
			runOnlyForDeploymentPostprocessing = 0;
		};
/* End PBXSourcesBuildPhase section */

/* Begin PBXTargetDependency section */
		744D28AC2468669A0097C743 /* PBXTargetDependency */ = {
			isa = PBXTargetDependency;
			target = 744D2890246866970097C743 /* swiftUI */;
			targetProxy = 744D28AB2468669A0097C743 /* PBXContainerItemProxy */;
		};
		744D28B72468669A0097C743 /* PBXTargetDependency */ = {
			isa = PBXTargetDependency;
			target = 744D2890246866970097C743 /* swiftUI */;
			targetProxy = 744D28B62468669A0097C743 /* PBXContainerItemProxy */;
		};
/* End PBXTargetDependency section */

/* Begin PBXVariantGroup section */
		744D28A22468669A0097C743 /* LaunchScreen.storyboard */ = {
			isa = PBXVariantGroup;
			children = (
				744D28A32468669A0097C743 /* Base */,
			);
			name = LaunchScreen.storyboard;
			sourceTree = "<group>";
		};
/* End PBXVariantGroup section */

/* Begin XCBuildConfiguration section */
		744D28BC2468669A0097C743 /* Debug */ = {
			isa = XCBuildConfiguration;
			buildSettings = {
				ALWAYS_SEARCH_USER_PATHS = NO;
				CLANG_ANALYZER_NONNULL = YES;
				CLANG_ANALYZER_NUMBER_OBJECT_CONVERSION = YES_AGGRESSIVE;
				CLANG_CXX_LANGUAGE_STANDARD = "gnu++14";
				CLANG_CXX_LIBRARY = "libc++";
				CLANG_ENABLE_MODULES = YES;
				CLANG_ENABLE_OBJC_ARC = YES;
				CLANG_ENABLE_OBJC_WEAK = YES;
				CLANG_WARN_BLOCK_CAPTURE_AUTORELEASING = YES;
				CLANG_WARN_BOOL_CONVERSION = YES;
				CLANG_WARN_COMMA = YES;
				CLANG_WARN_CONSTANT_CONVERSION = YES;
				CLANG_WARN_DEPRECATED_OBJC_IMPLEMENTATIONS = YES;
				CLANG_WARN_DIRECT_OBJC_ISA_USAGE = YES_ERROR;
				CLANG_WARN_DOCUMENTATION_COMMENTS = YES;
				CLANG_WARN_EMPTY_BODY = YES;
				CLANG_WARN_ENUM_CONVERSION = YES;
				CLANG_WARN_INFINITE_RECURSION = YES;
				CLANG_WARN_INT_CONVERSION = YES;
				CLANG_WARN_NON_LITERAL_NULL_CONVERSION = YES;
				CLANG_WARN_OBJC_IMPLICIT_RETAIN_SELF = YES;
				CLANG_WARN_OBJC_LITERAL_CONVERSION = YES;
				CLANG_WARN_OBJC_ROOT_CLASS = YES_ERROR;
				CLANG_WARN_RANGE_LOOP_ANALYSIS = YES;
				CLANG_WARN_STRICT_PROTOTYPES = YES;
				CLANG_WARN_SUSPICIOUS_MOVE = YES;
				CLANG_WARN_UNGUARDED_AVAILABILITY = YES_AGGRESSIVE;
				CLANG_WARN_UNREACHABLE_CODE = YES;
				CLANG_WARN__DUPLICATE_METHOD_MATCH = YES;
				COPY_PHASE_STRIP = NO;
				DEBUG_INFORMATION_FORMAT = dwarf;
				ENABLE_STRICT_OBJC_MSGSEND = YES;
				ENABLE_TESTABILITY = YES;
				GCC_C_LANGUAGE_STANDARD = gnu11;
				GCC_DYNAMIC_NO_PIC = NO;
				GCC_NO_COMMON_BLOCKS = YES;
				GCC_OPTIMIZATION_LEVEL = 0;
				GCC_PREPROCESSOR_DEFINITIONS = (
					"DEBUG=1",
					"$(inherited)",
				);
				GCC_WARN_64_TO_32_BIT_CONVERSION = YES;
				GCC_WARN_ABOUT_RETURN_TYPE = YES_ERROR;
				GCC_WARN_UNDECLARED_SELECTOR = YES;
				GCC_WARN_UNINITIALIZED_AUTOS = YES_AGGRESSIVE;
				GCC_WARN_UNUSED_FUNCTION = YES;
				GCC_WARN_UNUSED_VARIABLE = YES;
				IPHONEOS_DEPLOYMENT_TARGET = 13.4;
				MTL_ENABLE_DEBUG_INFO = INCLUDE_SOURCE;
				MTL_FAST_MATH = YES;
				ONLY_ACTIVE_ARCH = YES;
				SDKROOT = iphoneos;
				SWIFT_ACTIVE_COMPILATION_CONDITIONS = DEBUG;
				SWIFT_OPTIMIZATION_LEVEL = "-Onone";
			};
			name = Debug;
		};
		744D28BD2468669A0097C743 /* Release */ = {
			isa = XCBuildConfiguration;
			buildSettings = {
				ALWAYS_SEARCH_USER_PATHS = NO;
				CLANG_ANALYZER_NONNULL = YES;
				CLANG_ANALYZER_NUMBER_OBJECT_CONVERSION = YES_AGGRESSIVE;
				CLANG_CXX_LANGUAGE_STANDARD = "gnu++14";
				CLANG_CXX_LIBRARY = "libc++";
				CLANG_ENABLE_MODULES = YES;
				CLANG_ENABLE_OBJC_ARC = YES;
				CLANG_ENABLE_OBJC_WEAK = YES;
				CLANG_WARN_BLOCK_CAPTURE_AUTORELEASING = YES;
				CLANG_WARN_BOOL_CONVERSION = YES;
				CLANG_WARN_COMMA = YES;
				CLANG_WARN_CONSTANT_CONVERSION = YES;
				CLANG_WARN_DEPRECATED_OBJC_IMPLEMENTATIONS = YES;
				CLANG_WARN_DIRECT_OBJC_ISA_USAGE = YES_ERROR;
				CLANG_WARN_DOCUMENTATION_COMMENTS = YES;
				CLANG_WARN_EMPTY_BODY = YES;
				CLANG_WARN_ENUM_CONVERSION = YES;
				CLANG_WARN_INFINITE_RECURSION = YES;
				CLANG_WARN_INT_CONVERSION = YES;
				CLANG_WARN_NON_LITERAL_NULL_CONVERSION = YES;
				CLANG_WARN_OBJC_IMPLICIT_RETAIN_SELF = YES;
				CLANG_WARN_OBJC_LITERAL_CONVERSION = YES;
				CLANG_WARN_OBJC_ROOT_CLASS = YES_ERROR;
				CLANG_WARN_RANGE_LOOP_ANALYSIS = YES;
				CLANG_WARN_STRICT_PROTOTYPES = YES;
				CLANG_WARN_SUSPICIOUS_MOVE = YES;
				CLANG_WARN_UNGUARDED_AVAILABILITY = YES_AGGRESSIVE;
				CLANG_WARN_UNREACHABLE_CODE = YES;
				CLANG_WARN__DUPLICATE_METHOD_MATCH = YES;
				COPY_PHASE_STRIP = NO;
				DEBUG_INFORMATION_FORMAT = "dwarf-with-dsym";
				ENABLE_NS_ASSERTIONS = NO;
				ENABLE_STRICT_OBJC_MSGSEND = YES;
				GCC_C_LANGUAGE_STANDARD = gnu11;
				GCC_NO_COMMON_BLOCKS = YES;
				GCC_WARN_64_TO_32_BIT_CONVERSION = YES;
				GCC_WARN_ABOUT_RETURN_TYPE = YES_ERROR;
				GCC_WARN_UNDECLARED_SELECTOR = YES;
				GCC_WARN_UNINITIALIZED_AUTOS = YES_AGGRESSIVE;
				GCC_WARN_UNUSED_FUNCTION = YES;
				GCC_WARN_UNUSED_VARIABLE = YES;
				IPHONEOS_DEPLOYMENT_TARGET = 13.4;
				MTL_ENABLE_DEBUG_INFO = NO;
				MTL_FAST_MATH = YES;
				SDKROOT = iphoneos;
				SWIFT_COMPILATION_MODE = wholemodule;
				SWIFT_OPTIMIZATION_LEVEL = "-O";
				VALIDATE_PRODUCT = YES;
			};
			name = Release;
		};
		744D28BF2468669A0097C743 /* Debug */ = {
			isa = XCBuildConfiguration;
			buildSettings = {
				ASSETCATALOG_COMPILER_APPICON_NAME = AppIcon;
				CODE_SIGN_STYLE = Automatic;
				DEVELOPMENT_ASSET_PATHS = "\"swiftUI/Preview Content\"";
				ENABLE_PREVIEWS = YES;
				INFOPLIST_FILE = swiftUI/Info.plist;
				LD_RUNPATH_SEARCH_PATHS = (
					"$(inherited)",
					"@executable_path/Frameworks",
				);
				PRODUCT_BUNDLE_IDENTIFIER = tsj.swiftUI;
				PRODUCT_NAME = "$(TARGET_NAME)";
				SWIFT_VERSION = 5.0;
				TARGETED_DEVICE_FAMILY = "1,2";
			};
			name = Debug;
		};
		744D28C02468669A0097C743 /* Release */ = {
			isa = XCBuildConfiguration;
			buildSettings = {
				ASSETCATALOG_COMPILER_APPICON_NAME = AppIcon;
				CODE_SIGN_STYLE = Automatic;
				DEVELOPMENT_ASSET_PATHS = "\"swiftUI/Preview Content\"";
				ENABLE_PREVIEWS = YES;
				INFOPLIST_FILE = swiftUI/Info.plist;
				LD_RUNPATH_SEARCH_PATHS = (
					"$(inherited)",
					"@executable_path/Frameworks",
				);
				PRODUCT_BUNDLE_IDENTIFIER = tsj.swiftUI;
				PRODUCT_NAME = "$(TARGET_NAME)";
				SWIFT_VERSION = 5.0;
				TARGETED_DEVICE_FAMILY = "1,2";
			};
			name = Release;
		};
		744D28C22468669A0097C743 /* Debug */ = {
			isa = XCBuildConfiguration;
			buildSettings = {
				ALWAYS_EMBED_SWIFT_STANDARD_LIBRARIES = YES;
				BUNDLE_LOADER = "$(TEST_HOST)";
				CODE_SIGN_STYLE = Automatic;
				INFOPLIST_FILE = swiftUITests/Info.plist;
				IPHONEOS_DEPLOYMENT_TARGET = 13.4;
				LD_RUNPATH_SEARCH_PATHS = (
					"$(inherited)",
					"@executable_path/Frameworks",
					"@loader_path/Frameworks",
				);
				PRODUCT_BUNDLE_IDENTIFIER = tsj.swiftUITests;
				PRODUCT_NAME = "$(TARGET_NAME)";
				SWIFT_VERSION = 5.0;
				TARGETED_DEVICE_FAMILY = "1,2";
				TEST_HOST = "$(BUILT_PRODUCTS_DIR)/swiftUI.app/swiftUI";
			};
			name = Debug;
		};
		744D28C32468669A0097C743 /* Release */ = {
			isa = XCBuildConfiguration;
			buildSettings = {
				ALWAYS_EMBED_SWIFT_STANDARD_LIBRARIES = YES;
				BUNDLE_LOADER = "$(TEST_HOST)";
				CODE_SIGN_STYLE = Automatic;
				INFOPLIST_FILE = swiftUITests/Info.plist;
				IPHONEOS_DEPLOYMENT_TARGET = 13.4;
				LD_RUNPATH_SEARCH_PATHS = (
					"$(inherited)",
					"@executable_path/Frameworks",
					"@loader_path/Frameworks",
				);
				PRODUCT_BUNDLE_IDENTIFIER = tsj.swiftUITests;
				PRODUCT_NAME = "$(TARGET_NAME)";
				SWIFT_VERSION = 5.0;
				TARGETED_DEVICE_FAMILY = "1,2";
				TEST_HOST = "$(BUILT_PRODUCTS_DIR)/swiftUI.app/swiftUI";
			};
			name = Release;
		};
		744D28C52468669A0097C743 /* Debug */ = {
			isa = XCBuildConfiguration;
			buildSettings = {
				ALWAYS_EMBED_SWIFT_STANDARD_LIBRARIES = YES;
				CODE_SIGN_STYLE = Automatic;
				INFOPLIST_FILE = swiftUIUITests/Info.plist;
				LD_RUNPATH_SEARCH_PATHS = (
					"$(inherited)",
					"@executable_path/Frameworks",
					"@loader_path/Frameworks",
				);
				PRODUCT_BUNDLE_IDENTIFIER = tsj.swiftUIUITests;
				PRODUCT_NAME = "$(TARGET_NAME)";
				SWIFT_VERSION = 5.0;
				TARGETED_DEVICE_FAMILY = "1,2";
				TEST_TARGET_NAME = swiftUI;
			};
			name = Debug;
		};
		744D28C62468669A0097C743 /* Release */ = {
			isa = XCBuildConfiguration;
			buildSettings = {
				ALWAYS_EMBED_SWIFT_STANDARD_LIBRARIES = YES;
				CODE_SIGN_STYLE = Automatic;
				INFOPLIST_FILE = swiftUIUITests/Info.plist;
				LD_RUNPATH_SEARCH_PATHS = (
					"$(inherited)",
					"@executable_path/Frameworks",
					"@loader_path/Frameworks",
				);
				PRODUCT_BUNDLE_IDENTIFIER = tsj.swiftUIUITests;
				PRODUCT_NAME = "$(TARGET_NAME)";
				SWIFT_VERSION = 5.0;
				TARGETED_DEVICE_FAMILY = "1,2";
				TEST_TARGET_NAME = swiftUI;
			};
			name = Release;
		};
/* End XCBuildConfiguration section */

/* Begin XCConfigurationList section */
		744D288C246866970097C743 /* Build configuration list for PBXProject "swiftUI" */ = {
			isa = XCConfigurationList;
			buildConfigurations = (
				744D28BC2468669A0097C743 /* Debug */,
				744D28BD2468669A0097C743 /* Release */,
			);
			defaultConfigurationIsVisible = 0;
			defaultConfigurationName = Release;
		};
		744D28BE2468669A0097C743 /* Build configuration list for PBXNativeTarget "swiftUI" */ = {
			isa = XCConfigurationList;
			buildConfigurations = (
				744D28BF2468669A0097C743 /* Debug */,
				744D28C02468669A0097C743 /* Release */,
			);
			defaultConfigurationIsVisible = 0;
			defaultConfigurationName = Release;
		};
		744D28C12468669A0097C743 /* Build configuration list for PBXNativeTarget "swiftUITests" */ = {
			isa = XCConfigurationList;
			buildConfigurations = (
				744D28C22468669A0097C743 /* Debug */,
				744D28C32468669A0097C743 /* Release */,
			);
			defaultConfigurationIsVisible = 0;
			defaultConfigurationName = Release;
		};
		744D28C42468669A0097C743 /* Build configuration list for PBXNativeTarget "swiftUIUITests" */ = {
			isa = XCConfigurationList;
			buildConfigurations = (
				744D28C52468669A0097C743 /* Debug */,
				744D28C62468669A0097C743 /* Release */,
			);
			defaultConfigurationIsVisible = 0;
			defaultConfigurationName = Release;
		};
/* End XCConfigurationList section */

/* Begin XCVersionGroup section */
		744D2898246866970097C743 /* swiftUI.xcdatamodeld */ = {
			isa = XCVersionGroup;
			children = (
				744D2899246866970097C743 /* swiftUI.xcdatamodel */,
			);
			currentVersion = 744D2899246866970097C743 /* swiftUI.xcdatamodel */;
			path = swiftUI.xcdatamodeld;
			sourceTree = "<group>";
			versionGroupType = wrapper.xcdatamodel;
		};
/* End XCVersionGroup section */
	};
	rootObject = 744D2889246866970097C743 /* Project object */;
}
